// !$*UTF8*$!
{
	archiveVersion = 1;
	classes = {
	};
	objectVersion = 77;
	objects = {

/* Begin PBXBuildFile section */
		9DC4182F2F9C35F400782FEC /* ManagedSettings.framework in Frameworks */ = {isa = PBXBuildFile; fileRef = 9DC4182E2F9C35F400782FEC /* ManagedSettings.framework */; };
		9DC418312F9C35F400782FEC /* ManagedSettingsUI.framework in Frameworks */ = {isa = PBXBuildFile; fileRef = 9DC418302F9C35F400782FEC /* ManagedSettingsUI.framework */; };
		9DC418392F9C35F400782FEC /* ShieldConfigurationExtension.appex in Embed Foundation Extensions */ = {isa = PBXBuildFile; fileRef = 9DC4182C2F9C35F400782FEC /* ShieldConfigurationExtension.appex */; settings = {ATTRIBUTES = (RemoveHeadersOnCopy, ); }; };
		9DC419012F9D100000782FEC /* GoogleSignIn in Frameworks */ = {isa = PBXBuildFile; productRef = 9DC419002F9D100000782FEC /* GoogleSignIn */; };
		9DC41A012F9E000000782FEC /* DeviceActivity.framework in Frameworks */ = {isa = PBXBuildFile; fileRef = 9DC41A062F9E000000782FEC /* DeviceActivity.framework */; };
		9DC41A022F9E000000782FEC /* ManagedSettings.framework in Frameworks */ = {isa = PBXBuildFile; fileRef = 9DC4182E2F9C35F400782FEC /* ManagedSettings.framework */; };
		9DC41A032F9E000000782FEC /* RituoDeviceActivityMonitor.appex in Embed Foundation Extensions */ = {isa = PBXBuildFile; fileRef = 9DC41A052F9E000000782FEC /* RituoDeviceActivityMonitor.appex */; settings = {ATTRIBUTES = (RemoveHeadersOnCopy, ); }; };
		C0DEC0012FA200000000000B /* RituoSafariContentBlocker.appex in Embed Foundation Extensions */ = {isa = PBXBuildFile; fileRef = C0DEC0012FA2000000000001 /* RituoSafariContentBlocker.appex */; settings = {ATTRIBUTES = (RemoveHeadersOnCopy, ); }; };
		C0DEC0012FA200000000000E /* ManagedSettings.framework in Frameworks */ = {isa = PBXBuildFile; fileRef = 9DC4182E2F9C35F400782FEC /* ManagedSettings.framework */; };
		C0DEC0012FA2000000000010 /* SafariServices.framework in Frameworks */ = {isa = PBXBuildFile; fileRef = C0DEC0012FA200000000000F /* SafariServices.framework */; };
		C0DEC0012FA2000000000011 /* SafariServices.framework in Frameworks */ = {isa = PBXBuildFile; fileRef = C0DEC0012FA200000000000F /* SafariServices.framework */; };
/* End PBXBuildFile section */

/* Begin PBXContainerItemProxy section */
		9DC418372F9C35F400782FEC /* PBXContainerItemProxy */ = {
			isa = PBXContainerItemProxy;
			containerPortal = 9DC417D82F9BE93400782FEC /* Project object */;
			proxyType = 1;
			remoteGlobalIDString = 9DC4182B2F9C35F400782FEC;
			remoteInfo = ShieldConfigurationExtension;
		};
		9DC41A042F9E000000782FEC /* PBXContainerItemProxy */ = {
			isa = PBXContainerItemProxy;
			containerPortal = 9DC417D82F9BE93400782FEC /* Project object */;
			proxyType = 1;
			remoteGlobalIDString = 9DC41A0C2F9E000000782FEC;
			remoteInfo = RituoDeviceActivityMonitor;
		};
		C0DEC0012FA200000000000C /* PBXContainerItemProxy */ = {
			isa = PBXContainerItemProxy;
			containerPortal = 9DC417D82F9BE93400782FEC /* Project object */;
			proxyType = 1;
			remoteGlobalIDString = C0DEC0012FA2000000000004;
			remoteInfo = RituoSafariContentBlocker;
		};
/* End PBXContainerItemProxy section */

/* Begin PBXCopyFilesBuildPhase section */
		9DC4183E2F9C35F400782FEC /* Embed Foundation Extensions */ = {
			isa = PBXCopyFilesBuildPhase;
			buildActionMask = 2147483647;
			dstPath = "";
			dstSubfolderSpec = 13;
			files = (
				9DC418392F9C35F400782FEC /* ShieldConfigurationExtension.appex in Embed Foundation Extensions */,
				9DC41A032F9E000000782FEC /* RituoDeviceActivityMonitor.appex in Embed Foundation Extensions */,
				C0DEC0012FA200000000000B /* RituoSafariContentBlocker.appex in Embed Foundation Extensions */,
			);
			name = "Embed Foundation Extensions";
			runOnlyForDeploymentPostprocessing = 0;
		};
/* End PBXCopyFilesBuildPhase section */

/* Begin PBXFileReference section */
		C0DEC0CF2FA3000000000001 /* Debug.xcconfig */ = {isa = PBXFileReference; lastKnownFileType = text.xcconfig; path = Debug.xcconfig; sourceTree = "<group>"; };
		C0DEC0CF2FA3000000000002 /* Release.xcconfig */ = {isa = PBXFileReference; lastKnownFileType = text.xcconfig; path = Release.xcconfig; sourceTree = "<group>"; };
		C0DEC0CF2FA3000000000003 /* Base.xcconfig */ = {isa = PBXFileReference; lastKnownFileType = text.xcconfig; path = Base.xcconfig; sourceTree = "<group>"; };
		9DC417E02F9BE93400782FEC /* HolaSwift.app */ = {isa = PBXFileReference; explicitFileType = wrapper.application; includeInIndex = 0; path = HolaSwift.app; sourceTree = BUILT_PRODUCTS_DIR; };
		9DC4182C2F9C35F400782FEC /* ShieldConfigurationExtension.appex */ = {isa = PBXFileReference; explicitFileType = "wrapper.app-extension"; includeInIndex = 0; path = ShieldConfigurationExtension.appex; sourceTree = BUILT_PRODUCTS_DIR; };
		9DC4182E2F9C35F400782FEC /* ManagedSettings.framework */ = {isa = PBXFileReference; lastKnownFileType = wrapper.framework; name = ManagedSettings.framework; path = System/Library/Frameworks/ManagedSettings.framework; sourceTree = SDKROOT; };
		9DC418302F9C35F400782FEC /* ManagedSettingsUI.framework */ = {isa = PBXFileReference; lastKnownFileType = wrapper.framework; name = ManagedSettingsUI.framework; path = System/Library/Frameworks/ManagedSettingsUI.framework; sourceTree = SDKROOT; };
		9DC41A052F9E000000782FEC /* RituoDeviceActivityMonitor.appex */ = {isa = PBXFileReference; explicitFileType = "wrapper.app-extension"; includeInIndex = 0; path = RituoDeviceActivityMonitor.appex; sourceTree = BUILT_PRODUCTS_DIR; };
		9DC41A062F9E000000782FEC /* DeviceActivity.framework */ = {isa = PBXFileReference; lastKnownFileType = wrapper.framework; name = DeviceActivity.framework; path = System/Library/Frameworks/DeviceActivity.framework; sourceTree = SDKROOT; };
		C0DEC0012FA2000000000001 /* RituoSafariContentBlocker.appex */ = {isa = PBXFileReference; explicitFileType = "wrapper.app-extension"; includeInIndex = 0; path = RituoSafariContentBlocker.appex; sourceTree = BUILT_PRODUCTS_DIR; };
		C0DEC0012FA200000000000F /* SafariServices.framework */ = {isa = PBXFileReference; lastKnownFileType = wrapper.framework; name = SafariServices.framework; path = System/Library/Frameworks/SafariServices.framework; sourceTree = SDKROOT; };
/* End PBXFileReference section */

/* Begin PBXFileSystemSynchronizedBuildFileExceptionSet section */
		9DC4183A2F9C35F400782FEC /* Exceptions for "ShieldConfigurationExtension" folder in "ShieldConfigurationExtension" target */ = {
			isa = PBXFileSystemSynchronizedBuildFileExceptionSet;
			membershipExceptions = (
				Info.plist,
			);
			target = 9DC4182B2F9C35F400782FEC /* ShieldConfigurationExtension */;
		};
		9DC41A072F9E000000782FEC /* Exceptions for "RituoDeviceActivityMonitor" folder in "RituoDeviceActivityMonitor" target */ = {
			isa = PBXFileSystemSynchronizedBuildFileExceptionSet;
			membershipExceptions = (
				Info.plist,
			);
			target = 9DC41A0C2F9E000000782FEC /* RituoDeviceActivityMonitor */;
		};
		C0DEC0012FA2000000000003 /* Exceptions for "RituoSafariContentBlocker" folder in "RituoSafariContentBlocker" target */ = {
			isa = PBXFileSystemSynchronizedBuildFileExceptionSet;
			membershipExceptions = (
				Info.plist,
			);
			target = C0DEC0012FA2000000000004 /* RituoSafariContentBlocker */;
		};
/* End PBXFileSystemSynchronizedBuildFileExceptionSet section */

/* Begin PBXFileSystemSynchronizedRootGroup section */
		9DC417E22F9BE93400782FEC /* HolaSwift */ = {
			isa = PBXFileSystemSynchronizedRootGroup;
			path = HolaSwift;
			sourceTree = "<group>";
		};
		9DC418322F9C35F400782FEC /* ShieldConfigurationExtension */ = {
			isa = PBXFileSystemSynchronizedRootGroup;
			exceptions = (
				9DC4183A2F9C35F400782FEC /* Exceptions for "ShieldConfigurationExtension" folder in "ShieldConfigurationExtension" target */,
			);
			path = ShieldConfigurationExtension;
			sourceTree = "<group>";
		};
		9DC41A082F9E000000782FEC /* RituoDeviceActivityMonitor */ = {
			isa = PBXFileSystemSynchronizedRootGroup;
			exceptions = (
				9DC41A072F9E000000782FEC /* Exceptions for "RituoDeviceActivityMonitor" folder in "RituoDeviceActivityMonitor" target */,
			);
			path = RituoDeviceActivityMonitor;
			sourceTree = "<group>";
		};
		A1B2C3D42FA1000000000001 /* Shared */ = {
			isa = PBXFileSystemSynchronizedRootGroup;
			path = Shared;
			sourceTree = "<group>";
		};
		C0DEC0012FA2000000000002 /* RituoSafariContentBlocker */ = {
			isa = PBXFileSystemSynchronizedRootGroup;
			exceptions = (
				C0DEC0012FA2000000000003 /* Exceptions for "RituoSafariContentBlocker" folder in "RituoSafariContentBlocker" target */,
			);
			path = RituoSafariContentBlocker;
			sourceTree = "<group>";
		};
/* End PBXFileSystemSynchronizedRootGroup section */

/* Begin PBXFrameworksBuildPhase section */
		9DC417DD2F9BE93400782FEC /* Frameworks */ = {
			isa = PBXFrameworksBuildPhase;
			buildActionMask = 2147483647;
			files = (
				9DC419012F9D100000782FEC /* GoogleSignIn in Frameworks */,
			);
			runOnlyForDeploymentPostprocessing = 0;
		};
		9DC418292F9C35F400782FEC /* Frameworks */ = {
			isa = PBXFrameworksBuildPhase;
			buildActionMask = 2147483647;
			files = (
				9DC4182F2F9C35F400782FEC /* ManagedSettings.framework in Frameworks */,
				9DC418312F9C35F400782FEC /* ManagedSettingsUI.framework in Frameworks */,
			);
			runOnlyForDeploymentPostprocessing = 0;
		};
		9DC41A092F9E000000782FEC /* Frameworks */ = {
			isa = PBXFrameworksBuildPhase;
			buildActionMask = 2147483647;
			files = (
				9DC41A012F9E000000782FEC /* DeviceActivity.framework in Frameworks */,
				9DC41A022F9E000000782FEC /* ManagedSettings.framework in Frameworks */,
				C0DEC0012FA2000000000011 /* SafariServices.framework in Frameworks */,
			);
			runOnlyForDeploymentPostprocessing = 0;
		};
		C0DEC0012FA2000000000009 /* Frameworks */ = {
			isa = PBXFrameworksBuildPhase;
			buildActionMask = 2147483647;
			files = (
				C0DEC0012FA200000000000E /* ManagedSettings.framework in Frameworks */,
				C0DEC0012FA2000000000010 /* SafariServices.framework in Frameworks */,
			);
			runOnlyForDeploymentPostprocessing = 0;
		};
/* End PBXFrameworksBuildPhase section */

/* Begin PBXGroup section */
		9DC417D72F9BE93400782FEC = {
			isa = PBXGroup;
			children = (
				C0DEC0CF2FA3000000000004 /* Config */,
				9DC417E22F9BE93400782FEC /* HolaSwift */,
				9DC418322F9C35F400782FEC /* ShieldConfigurationExtension */,
				9DC41A082F9E000000782FEC /* RituoDeviceActivityMonitor */,
				C0DEC0012FA2000000000002 /* RituoSafariContentBlocker */,
				A1B2C3D42FA1000000000001 /* Shared */,
				9DC4182D2F9C35F400782FEC /* Frameworks */,
				9DC417E12F9BE93400782FEC /* Products */,
			);
			sourceTree = "<group>";
		};
		C0DEC0CF2FA3000000000004 /* Config */ = {
			isa = PBXGroup;
			children = (
				C0DEC0CF2FA3000000000003 /* Base.xcconfig */,
				C0DEC0CF2FA3000000000001 /* Debug.xcconfig */,
				C0DEC0CF2FA3000000000002 /* Release.xcconfig */,
			);
			path = Config;
			sourceTree = "<group>";
		};
		9DC417E12F9BE93400782FEC /* Products */ = {
			isa = PBXGroup;
			children = (
				9DC417E02F9BE93400782FEC /* HolaSwift.app */,
				9DC4182C2F9C35F400782FEC /* ShieldConfigurationExtension.appex */,
				9DC41A052F9E000000782FEC /* RituoDeviceActivityMonitor.appex */,
				C0DEC0012FA2000000000001 /* RituoSafariContentBlocker.appex */,
			);
			name = Products;
			sourceTree = "<group>";
		};
		9DC4182D2F9C35F400782FEC /* Frameworks */ = {
			isa = PBXGroup;
			children = (
				9DC41A062F9E000000782FEC /* DeviceActivity.framework */,
				9DC4182E2F9C35F400782FEC /* ManagedSettings.framework */,
				9DC418302F9C35F400782FEC /* ManagedSettingsUI.framework */,
				C0DEC0012FA200000000000F /* SafariServices.framework */,
			);
			name = Frameworks;
			sourceTree = "<group>";
		};
/* End PBXGroup section */

/* Begin PBXNativeTarget section */
		9DC417DF2F9BE93400782FEC /* HolaSwift */ = {
			isa = PBXNativeTarget;
			buildConfigurationList = 9DC417EB2F9BE93500782FEC /* Build configuration list for PBXNativeTarget "HolaSwift" */;
			buildPhases = (
				9DC417DC2F9BE93400782FEC /* Sources */,
				9DC417DD2F9BE93400782FEC /* Frameworks */,
				9DC417DE2F9BE93400782FEC /* Resources */,
				9DC4183E2F9C35F400782FEC /* Embed Foundation Extensions */,
			);
			buildRules = (
			);
			dependencies = (
				9DC418382F9C35F400782FEC /* PBXTargetDependency */,
				9DC41A0D2F9E000000782FEC /* PBXTargetDependency */,
				C0DEC0012FA200000000000D /* PBXTargetDependency */,
			);
			fileSystemSynchronizedGroups = (
				9DC417E22F9BE93400782FEC /* HolaSwift */,
				A1B2C3D42FA1000000000001 /* Shared */,
			);
			name = HolaSwift;
			packageProductDependencies = (
				9DC419002F9D100000782FEC /* GoogleSignIn */,
			);
			productName = HolaSwift;
			productReference = 9DC417E02F9BE93400782FEC /* HolaSwift.app */;
			productType = "com.apple.product-type.application";
		};
		9DC4182B2F9C35F400782FEC /* ShieldConfigurationExtension */ = {
			isa = PBXNativeTarget;
			buildConfigurationList = 9DC4183B2F9C35F400782FEC /* Build configuration list for PBXNativeTarget "ShieldConfigurationExtension" */;
			buildPhases = (
				9DC418282F9C35F400782FEC /* Sources */,
				9DC418292F9C35F400782FEC /* Frameworks */,
				9DC4182A2F9C35F400782FEC /* Resources */,
			);
			buildRules = (
			);
			dependencies = (
			);
			fileSystemSynchronizedGroups = (
				9DC418322F9C35F400782FEC /* ShieldConfigurationExtension */,
			);
			name = ShieldConfigurationExtension;
			packageProductDependencies = (
			);
			productName = ShieldConfigurationExtension;
			productReference = 9DC4182C2F9C35F400782FEC /* ShieldConfigurationExtension.appex */;
			productType = "com.apple.product-type.app-extension";
		};
		9DC41A0C2F9E000000782FEC /* RituoDeviceActivityMonitor */ = {
			isa = PBXNativeTarget;
			buildConfigurationList = 9DC41A102F9E000000782FEC /* Build configuration list for PBXNativeTarget "RituoDeviceActivityMonitor" */;
			buildPhases = (
				9DC41A0A2F9E000000782FEC /* Sources */,
				9DC41A092F9E000000782FEC /* Frameworks */,
				9DC41A0B2F9E000000782FEC /* Resources */,
			);
			buildRules = (
			);
			dependencies = (
			);
			fileSystemSynchronizedGroups = (
				9DC41A082F9E000000782FEC /* RituoDeviceActivityMonitor */,
				A1B2C3D42FA1000000000001 /* Shared */,
			);
			name = RituoDeviceActivityMonitor;
			packageProductDependencies = (
			);
			productName = RituoDeviceActivityMonitor;
			productReference = 9DC41A052F9E000000782FEC /* RituoDeviceActivityMonitor.appex */;
			productType = "com.apple.product-type.app-extension";
		};
		C0DEC0012FA2000000000004 /* RituoSafariContentBlocker */ = {
			isa = PBXNativeTarget;
			buildConfigurationList = C0DEC0012FA2000000000005 /* Build configuration list for PBXNativeTarget "RituoSafariContentBlocker" */;
			buildPhases = (
				C0DEC0012FA2000000000008 /* Sources */,
				C0DEC0012FA2000000000009 /* Frameworks */,
				C0DEC0012FA200000000000A /* Resources */,
			);
			buildRules = (
			);
			dependencies = (
			);
			fileSystemSynchronizedGroups = (
				A1B2C3D42FA1000000000001 /* Shared */,
				C0DEC0012FA2000000000002 /* RituoSafariContentBlocker */,
			);
			name = RituoSafariContentBlocker;
			packageProductDependencies = (
			);
			productName = RituoSafariContentBlocker;
			productReference = C0DEC0012FA2000000000001 /* RituoSafariContentBlocker.appex */;
			productType = "com.apple.product-type.app-extension";
		};
/* End PBXNativeTarget section */

/* Begin PBXProject section */
		9DC417D82F9BE93400782FEC /* Project object */ = {
			isa = PBXProject;
			attributes = {
				BuildIndependentTargetsInParallel = 1;
				LastSwiftUpdateCheck = 2620;
				LastUpgradeCheck = 2620;
				TargetAttributes = {
					9DC417DF2F9BE93400782FEC = {
						CreatedOnToolsVersion = 26.2;
					};
					9DC4182B2F9C35F400782FEC = {
						CreatedOnToolsVersion = 26.2;
					};
					9DC41A0C2F9E000000782FEC = {
						CreatedOnToolsVersion = 26.2;
					};
					C0DEC0012FA2000000000004 = {
						CreatedOnToolsVersion = 26.2;
					};
				};
			};
			buildConfigurationList = 9DC417DB2F9BE93400782FEC /* Build configuration list for PBXProject "HolaSwift" */;
			developmentRegion = en;
			hasScannedForEncodings = 0;
			knownRegions = (
				en,
				Base,
			);
			mainGroup = 9DC417D72F9BE93400782FEC;
			minimizedProjectReferenceProxies = 1;
			packageReferences = (
				9DC418FF2F9D100000782FEC /* XCRemoteSwiftPackageReference "GoogleSignIn-iOS" */,
			);
			preferredProjectObjectVersion = 77;
			productRefGroup = 9DC417E12F9BE93400782FEC /* Products */;
			projectDirPath = "";
			projectRoot = "";
			targets = (
				9DC417DF2F9BE93400782FEC /* HolaSwift */,
				9DC4182B2F9C35F400782FEC /* ShieldConfigurationExtension */,
				9DC41A0C2F9E000000782FEC /* RituoDeviceActivityMonitor */,
				C0DEC0012FA2000000000004 /* RituoSafariContentBlocker */,
			);
		};
/* End PBXProject section */

/* Begin PBXResourcesBuildPhase section */
		9DC417DE2F9BE93400782FEC /* Resources */ = {
			isa = PBXResourcesBuildPhase;
			buildActionMask = 2147483647;
			files = (
			);
			runOnlyForDeploymentPostprocessing = 0;
		};
		9DC4182A2F9C35F400782FEC /* Resources */ = {
			isa = PBXResourcesBuildPhase;
			buildActionMask = 2147483647;
			files = (
			);
			runOnlyForDeploymentPostprocessing = 0;
		};
		9DC41A0B2F9E000000782FEC /* Resources */ = {
			isa = PBXResourcesBuildPhase;
			buildActionMask = 2147483647;
			files = (
			);
			runOnlyForDeploymentPostprocessing = 0;
		};
		C0DEC0012FA200000000000A /* Resources */ = {
			isa = PBXResourcesBuildPhase;
			buildActionMask = 2147483647;
			files = (
			);
			runOnlyForDeploymentPostprocessing = 0;
		};
/* End PBXResourcesBuildPhase section */

/* Begin PBXSourcesBuildPhase section */
		9DC417DC2F9BE93400782FEC /* Sources */ = {
			isa = PBXSourcesBuildPhase;
			buildActionMask = 2147483647;
			files = (
			);
			runOnlyForDeploymentPostprocessing = 0;
		};
		9DC418282F9C35F400782FEC /* Sources */ = {
			isa = PBXSourcesBuildPhase;
			buildActionMask = 2147483647;
			files = (
			);
			runOnlyForDeploymentPostprocessing = 0;
		};
		9DC41A0A2F9E000000782FEC /* Sources */ = {
			isa = PBXSourcesBuildPhase;
			buildActionMask = 2147483647;
			files = (
			);
			runOnlyForDeploymentPostprocessing = 0;
		};
		C0DEC0012FA2000000000008 /* Sources */ = {
			isa = PBXSourcesBuildPhase;
			buildActionMask = 2147483647;
			files = (
			);
			runOnlyForDeploymentPostprocessing = 0;
		};
/* End PBXSourcesBuildPhase section */

/* Begin PBXTargetDependency section */
		9DC418382F9C35F400782FEC /* PBXTargetDependency */ = {
			isa = PBXTargetDependency;
			target = 9DC4182B2F9C35F400782FEC /* ShieldConfigurationExtension */;
			targetProxy = 9DC418372F9C35F400782FEC /* PBXContainerItemProxy */;
		};
		9DC41A0D2F9E000000782FEC /* PBXTargetDependency */ = {
			isa = PBXTargetDependency;
			target = 9DC41A0C2F9E000000782FEC /* RituoDeviceActivityMonitor */;
			targetProxy = 9DC41A042F9E000000782FEC /* PBXContainerItemProxy */;
		};
		C0DEC0012FA200000000000D /* PBXTargetDependency */ = {
			isa = PBXTargetDependency;
			target = C0DEC0012FA2000000000004 /* RituoSafariContentBlocker */;
			targetProxy = C0DEC0012FA200000000000C /* PBXContainerItemProxy */;
		};
/* End PBXTargetDependency section */

/* Begin XCBuildConfiguration section */
		9DC417E92F9BE93500782FEC /* Debug */ = {
			isa = XCBuildConfiguration;
			buildSettings = {
				ALWAYS_SEARCH_USER_PATHS = NO;
				ASSETCATALOG_COMPILER_GENERATE_SWIFT_ASSET_SYMBOL_EXTENSIONS = YES;
				CLANG_ANALYZER_NONNULL = YES;
				CLANG_ANALYZER_NUMBER_OBJECT_CONVERSION = YES_AGGRESSIVE;
				CLANG_CXX_LANGUAGE_STANDARD = "gnu++20";
				CLANG_ENABLE_MODULES = YES;
				CLANG_ENABLE_OBJC_ARC = YES;
				CLANG_ENABLE_OBJC_WEAK = YES;
				CLANG_WARN_BLOCK_CAPTURE_AUTORELEASING = YES;
				CLANG_WARN_BOOL_CONVERSION = YES;
				CLANG_WARN_COMMA = YES;
				CLANG_WARN_CONSTANT_CONVERSION = YES;
				CLANG_WARN_DEPRECATED_OBJC_IMPLEMENTATIONS = YES;
				CLANG_WARN_DIRECT_OBJC_ISA_USAGE = YES_ERROR;
				CLANG_WARN_DOCUMENTATION_COMMENTS = YES;
				CLANG_WARN_EMPTY_BODY = YES;
				CLANG_WARN_ENUM_CONVERSION = YES;
				CLANG_WARN_INFINITE_RECURSION = YES;
				CLANG_WARN_INT_CONVERSION = YES;
				CLANG_WARN_NON_LITERAL_NULL_CONVERSION = YES;
				CLANG_WARN_OBJC_IMPLICIT_RETAIN_SELF = YES;
				CLANG_WARN_OBJC_LITERAL_CONVERSION = YES;
				CLANG_WARN_OBJC_ROOT_CLASS = YES_ERROR;
				CLANG_WARN_QUOTED_INCLUDE_IN_FRAMEWORK_HEADER = YES;
				CLANG_WARN_RANGE_LOOP_ANALYSIS = YES;
				CLANG_WARN_STRICT_PROTOTYPES = YES;
				CLANG_WARN_SUSPICIOUS_MOVE = YES;
				CLANG_WARN_UNGUARDED_AVAILABILITY = YES_AGGRESSIVE;
				CLANG_WARN_UNREACHABLE_CODE = YES;
				CLANG_WARN__DUPLICATE_METHOD_MATCH = YES;
				COPY_PHASE_STRIP = NO;
				DEBUG_INFORMATION_FORMAT = dwarf;
				DEVELOPMENT_TEAM = LXWR3JHQ9L;
				ENABLE_STRICT_OBJC_MSGSEND = YES;
				ENABLE_TESTABILITY = YES;
				ENABLE_USER_SCRIPT_SANDBOXING = YES;
				GCC_C_LANGUAGE_STANDARD = gnu17;
				GCC_DYNAMIC_NO_PIC = NO;
				GCC_NO_COMMON_BLOCKS = YES;
				GCC_OPTIMIZATION_LEVEL = 0;
				GCC_PREPROCESSOR_DEFINITIONS = (
					"DEBUG=1",
					"$(inherited)",
				);
				GCC_WARN_64_TO_32_BIT_CONVERSION = YES;
				GCC_WARN_ABOUT_RETURN_TYPE = YES_ERROR;
				GCC_WARN_UNDECLARED_SELECTOR = YES;
				GCC_WARN_UNINITIALIZED_AUTOS = YES_AGGRESSIVE;
				GCC_WARN_UNUSED_FUNCTION = YES;
				GCC_WARN_UNUSED_VARIABLE = YES;
				IPHONEOS_DEPLOYMENT_TARGET = 17.0;
				LOCALIZATION_PREFERS_STRING_CATALOGS = YES;
				MTL_ENABLE_DEBUG_INFO = INCLUDE_SOURCE;
				MTL_FAST_MATH = YES;
				ONLY_ACTIVE_ARCH = YES;
				SDKROOT = iphoneos;
				SWIFT_ACTIVE_COMPILATION_CONDITIONS = "DEBUG $(inherited)";
				SWIFT_OPTIMIZATION_LEVEL = "-Onone";
			};
			name = Debug;
		};
		9DC417EA2F9BE93500782FEC /* Release */ = {
			isa = XCBuildConfiguration;
			buildSettings = {
				ALWAYS_SEARCH_USER_PATHS = NO;
				ASSETCATALOG_COMPILER_GENERATE_SWIFT_ASSET_SYMBOL_EXTENSIONS = YES;
				CLANG_ANALYZER_NONNULL = YES;
				CLANG_ANALYZER_NUMBER_OBJECT_CONVERSION = YES_AGGRESSIVE;
				CLANG_CXX_LANGUAGE_STANDARD = "gnu++20";
				CLANG_ENABLE_MODULES = YES;
				CLANG_ENABLE_OBJC_ARC = YES;
				CLANG_ENABLE_OBJC_WEAK = YES;
				CLANG_WARN_BLOCK_CAPTURE_AUTORELEASING = YES;
				CLANG_WARN_BOOL_CONVERSION = YES;
				CLANG_WARN_COMMA = YES;
				CLANG_WARN_CONSTANT_CONVERSION = YES;
				CLANG_WARN_DEPRECATED_OBJC_IMPLEMENTATIONS = YES;
				CLANG_WARN_DIRECT_OBJC_ISA_USAGE = YES_ERROR;
				CLANG_WARN_DOCUMENTATION_COMMENTS = YES;
				CLANG_WARN_EMPTY_BODY = YES;
				CLANG_WARN_ENUM_CONVERSION = YES;
				CLANG_WARN_INFINITE_RECURSION = YES;
				CLANG_WARN_INT_CONVERSION = YES;
				CLANG_WARN_NON_LITERAL_NULL_CONVERSION = YES;
				CLANG_WARN_OBJC_IMPLICIT_RETAIN_SELF = YES;
				CLANG_WARN_OBJC_LITERAL_CONVERSION = YES;
				CLANG_WARN_OBJC_ROOT_CLASS = YES_ERROR;
				CLANG_WARN_QUOTED_INCLUDE_IN_FRAMEWORK_HEADER = YES;
				CLANG_WARN_RANGE_LOOP_ANALYSIS = YES;
				CLANG_WARN_STRICT_PROTOTYPES = YES;
				CLANG_WARN_SUSPICIOUS_MOVE = YES;
				CLANG_WARN_UNGUARDED_AVAILABILITY = YES_AGGRESSIVE;
				CLANG_WARN_UNREACHABLE_CODE = YES;
				CLANG_WARN__DUPLICATE_METHOD_MATCH = YES;
				COPY_PHASE_STRIP = NO;
				DEBUG_INFORMATION_FORMAT = "dwarf-with-dsym";
				DEVELOPMENT_TEAM = LXWR3JHQ9L;
				ENABLE_NS_ASSERTIONS = NO;
				ENABLE_STRICT_OBJC_MSGSEND = YES;
				ENABLE_USER_SCRIPT_SANDBOXING = YES;
				GCC_C_LANGUAGE_STANDARD = gnu17;
				GCC_NO_COMMON_BLOCKS = YES;
				GCC_WARN_64_TO_32_BIT_CONVERSION = YES;
				GCC_WARN_ABOUT_RETURN_TYPE = YES_ERROR;
				GCC_WARN_UNDECLARED_SELECTOR = YES;
				GCC_WARN_UNINITIALIZED_AUTOS = YES_AGGRESSIVE;
				GCC_WARN_UNUSED_FUNCTION = YES;
				GCC_WARN_UNUSED_VARIABLE = YES;
				IPHONEOS_DEPLOYMENT_TARGET = 17.0;
				LOCALIZATION_PREFERS_STRING_CATALOGS = YES;
				MTL_ENABLE_DEBUG_INFO = NO;
				MTL_FAST_MATH = YES;
				SDKROOT = iphoneos;
				SWIFT_COMPILATION_MODE = wholemodule;
				VALIDATE_PRODUCT = YES;
			};
			name = Release;
		};
		9DC417EC2F9BE93500782FEC /* Debug */ = {
			isa = XCBuildConfiguration;
			baseConfigurationReference = C0DEC0CF2FA3000000000001 /* Debug.xcconfig */;
			buildSettings = {
				ASSETCATALOG_COMPILER_APPICON_NAME = AppIcon;
				ASSETCATALOG_COMPILER_GLOBAL_ACCENT_COLOR_NAME = AccentColor;
				CODE_SIGN_ENTITLEMENTS = HolaSwift/HolaSwift.entitlements;
				CODE_SIGN_STYLE = Automatic;
				CURRENT_PROJECT_VERSION = 34;
				DEVELOPMENT_TEAM = LXWR3JHQ9L;
				ENABLE_PREVIEWS = YES;
				GENERATE_INFOPLIST_FILE = NO;
				INFOPLIST_FILE = Config/HolaSwiftInfo.plist;
				INFOPLIST_KEY_CFBundleDisplayName = rituo;
				INFOPLIST_KEY_NFCReaderUsageDescription = "rituo. usa NFC para registrar y validar tu tag fisico de enfoque.";
				INFOPLIST_KEY_UIApplicationSceneManifest_Generation = YES;
				INFOPLIST_KEY_UIApplicationSupportsIndirectInputEvents = YES;
				INFOPLIST_KEY_UILaunchScreen_Generation = YES;
				INFOPLIST_KEY_UISupportedInterfaceOrientations_iPad = "UIInterfaceOrientationPortrait UIInterfaceOrientationPortraitUpsideDown UIInterfaceOrientationLandscapeLeft UIInterfaceOrientationLandscapeRight";
				INFOPLIST_KEY_UISupportedInterfaceOrientations_iPhone = "UIInterfaceOrientationPortrait UIInterfaceOrientationLandscapeLeft UIInterfaceOrientationLandscapeRight";
				LD_RUNPATH_SEARCH_PATHS = (
					"$(inherited)",
					"@executable_path/Frameworks",
				);
				MARKETING_VERSION = 1.0;
				PRODUCT_BUNDLE_IDENTIFIER = io.rituo.app;
				PRODUCT_NAME = "$(TARGET_NAME)";
				STRING_CATALOG_GENERATE_SYMBOLS = YES;
				SWIFT_APPROACHABLE_CONCURRENCY = YES;
				SWIFT_DEFAULT_ACTOR_ISOLATION = MainActor;
				SWIFT_EMIT_LOC_STRINGS = YES;
				SWIFT_UPCOMING_FEATURE_MEMBER_IMPORT_VISIBILITY = YES;
				SWIFT_VERSION = 5.0;
				TARGETED_DEVICE_FAMILY = "1,2";
			};
			name = Debug;
		};
		9DC417ED2F9BE93500782FEC /* Release */ = {
			isa = XCBuildConfiguration;
			baseConfigurationReference = C0DEC0CF2FA3000000000002 /* Release.xcconfig */;
			buildSettings = {
				ASSETCATALOG_COMPILER_APPICON_NAME = AppIcon;
				ASSETCATALOG_COMPILER_GLOBAL_ACCENT_COLOR_NAME = AccentColor;
				CODE_SIGN_ENTITLEMENTS = HolaSwift/HolaSwift.entitlements;
				CODE_SIGN_STYLE = Automatic;
				CURRENT_PROJECT_VERSION = 34;
				DEVELOPMENT_TEAM = LXWR3JHQ9L;
				ENABLE_PREVIEWS = YES;
				GENERATE_INFOPLIST_FILE = NO;
				INFOPLIST_FILE = Config/HolaSwiftInfo.plist;
				INFOPLIST_KEY_CFBundleDisplayName = rituo;
				INFOPLIST_KEY_NFCReaderUsageDescription = "rituo. usa NFC para registrar y validar tu tag fisico de enfoque.";
				INFOPLIST_KEY_UIApplicationSceneManifest_Generation = YES;
				INFOPLIST_KEY_UIApplicationSupportsIndirectInputEvents = YES;
				INFOPLIST_KEY_UILaunchScreen_Generation = YES;
				INFOPLIST_KEY_UISupportedInterfaceOrientations_iPad = "UIInterfaceOrientationPortrait UIInterfaceOrientationPortraitUpsideDown UIInterfaceOrientationLandscapeLeft UIInterfaceOrientationLandscapeRight";
				INFOPLIST_KEY_UISupportedInterfaceOrientations_iPhone = "UIInterfaceOrientationPortrait UIInterfaceOrientationLandscapeLeft UIInterfaceOrientationLandscapeRight";
				LD_RUNPATH_SEARCH_PATHS = (
					"$(inherited)",
					"@executable_path/Frameworks",
				);
				MARKETING_VERSION = 1.0;
				PRODUCT_BUNDLE_IDENTIFIER = io.rituo.app;
				PRODUCT_NAME = "$(TARGET_NAME)";
				STRING_CATALOG_GENERATE_SYMBOLS = YES;
				SWIFT_APPROACHABLE_CONCURRENCY = YES;
				SWIFT_DEFAULT_ACTOR_ISOLATION = MainActor;
				SWIFT_EMIT_LOC_STRINGS = YES;
				SWIFT_UPCOMING_FEATURE_MEMBER_IMPORT_VISIBILITY = YES;
				SWIFT_VERSION = 5.0;
				TARGETED_DEVICE_FAMILY = "1,2";
			};
			name = Release;
		};
		9DC4183C2F9C35F400782FEC /* Debug */ = {
			isa = XCBuildConfiguration;
			buildSettings = {
				CODE_SIGN_ENTITLEMENTS = ShieldConfigurationExtension/ShieldConfigurationExtension.entitlements;
				CODE_SIGN_STYLE = Automatic;
				CURRENT_PROJECT_VERSION = 34;
				DEVELOPMENT_TEAM = LXWR3JHQ9L;
				GENERATE_INFOPLIST_FILE = YES;
				INFOPLIST_FILE = ShieldConfigurationExtension/Info.plist;
				INFOPLIST_KEY_CFBundleDisplayName = ShieldConfigurationExtension;
				INFOPLIST_KEY_NSHumanReadableCopyright = "";
				LD_RUNPATH_SEARCH_PATHS = (
					"$(inherited)",
					"@executable_path/Frameworks",
					"@executable_path/../../Frameworks",
				);
				MARKETING_VERSION = 1.0;
				PRODUCT_BUNDLE_IDENTIFIER = io.rituo.app.ShieldConfigurationExtension;
				PRODUCT_NAME = "$(TARGET_NAME)";
				SKIP_INSTALL = YES;
				STRING_CATALOG_GENERATE_SYMBOLS = YES;
				SWIFT_APPROACHABLE_CONCURRENCY = YES;
				SWIFT_EMIT_LOC_STRINGS = YES;
				SWIFT_UPCOMING_FEATURE_MEMBER_IMPORT_VISIBILITY = YES;
				SWIFT_VERSION = 5.0;
				TARGETED_DEVICE_FAMILY = "1,2";
			};
			name = Debug;
		};
		9DC4183D2F9C35F400782FEC /* Release */ = {
			isa = XCBuildConfiguration;
			buildSettings = {
				CODE_SIGN_ENTITLEMENTS = ShieldConfigurationExtension/ShieldConfigurationExtension.entitlements;
				CODE_SIGN_STYLE = Automatic;
				CURRENT_PROJECT_VERSION = 34;
				DEVELOPMENT_TEAM = LXWR3JHQ9L;
				GENERATE_INFOPLIST_FILE = YES;
				INFOPLIST_FILE = ShieldConfigurationExtension/Info.plist;
				INFOPLIST_KEY_CFBundleDisplayName = ShieldConfigurationExtension;
				INFOPLIST_KEY_NSHumanReadableCopyright = "";
				LD_RUNPATH_SEARCH_PATHS = (
					"$(inherited)",
					"@executable_path/Frameworks",
					"@executable_path/../../Frameworks",
				);
				MARKETING_VERSION = 1.0;
				PRODUCT_BUNDLE_IDENTIFIER = io.rituo.app.ShieldConfigurationExtension;
				PRODUCT_NAME = "$(TARGET_NAME)";
				SKIP_INSTALL = YES;
				STRING_CATALOG_GENERATE_SYMBOLS = YES;
				SWIFT_APPROACHABLE_CONCURRENCY = YES;
				SWIFT_EMIT_LOC_STRINGS = YES;
				SWIFT_UPCOMING_FEATURE_MEMBER_IMPORT_VISIBILITY = YES;
				SWIFT_VERSION = 5.0;
				TARGETED_DEVICE_FAMILY = "1,2";
			};
			name = Release;
		};
		9DC41A0E2F9E000000782FEC /* Debug */ = {
			isa = XCBuildConfiguration;
			buildSettings = {
				CODE_SIGN_ENTITLEMENTS = RituoDeviceActivityMonitor/RituoDeviceActivityMonitor.entitlements;
				CODE_SIGN_STYLE = Automatic;
				CURRENT_PROJECT_VERSION = 34;
				DEVELOPMENT_TEAM = LXWR3JHQ9L;
				GENERATE_INFOPLIST_FILE = NO;
				INFOPLIST_FILE = RituoDeviceActivityMonitor/Info.plist;
				LD_RUNPATH_SEARCH_PATHS = (
					"$(inherited)",
					"@executable_path/Frameworks",
					"@executable_path/../../Frameworks",
				);
				MARKETING_VERSION = 1.0;
				PRODUCT_BUNDLE_IDENTIFIER = io.rituo.app.deviceactivitymonitor;
				PRODUCT_NAME = "$(TARGET_NAME)";
				SKIP_INSTALL = YES;
				STRING_CATALOG_GENERATE_SYMBOLS = YES;
				SWIFT_APPROACHABLE_CONCURRENCY = YES;
				SWIFT_EMIT_LOC_STRINGS = YES;
				SWIFT_UPCOMING_FEATURE_MEMBER_IMPORT_VISIBILITY = YES;
				SWIFT_VERSION = 5.0;
				TARGETED_DEVICE_FAMILY = "1,2";
			};
			name = Debug;
		};
		9DC41A0F2F9E000000782FEC /* Release */ = {
			isa = XCBuildConfiguration;
			buildSettings = {
				CODE_SIGN_ENTITLEMENTS = RituoDeviceActivityMonitor/RituoDeviceActivityMonitor.entitlements;
				CODE_SIGN_STYLE = Automatic;
				CURRENT_PROJECT_VERSION = 34;
				DEVELOPMENT_TEAM = LXWR3JHQ9L;
				GENERATE_INFOPLIST_FILE = NO;
				INFOPLIST_FILE = RituoDeviceActivityMonitor/Info.plist;
				LD_RUNPATH_SEARCH_PATHS = (
					"$(inherited)",
					"@executable_path/Frameworks",
					"@executable_path/../../Frameworks",
				);
				MARKETING_VERSION = 1.0;
				PRODUCT_BUNDLE_IDENTIFIER = io.rituo.app.deviceactivitymonitor;
				PRODUCT_NAME = "$(TARGET_NAME)";
				SKIP_INSTALL = YES;
				STRING_CATALOG_GENERATE_SYMBOLS = YES;
				SWIFT_APPROACHABLE_CONCURRENCY = YES;
				SWIFT_EMIT_LOC_STRINGS = YES;
				SWIFT_UPCOMING_FEATURE_MEMBER_IMPORT_VISIBILITY = YES;
				SWIFT_VERSION = 5.0;
				TARGETED_DEVICE_FAMILY = "1,2";
			};
			name = Release;
		};
		C0DEC0012FA2000000000006 /* Debug */ = {
			isa = XCBuildConfiguration;
			buildSettings = {
				APPLICATION_EXTENSION_API_ONLY = YES;
				CODE_SIGN_ENTITLEMENTS = RituoSafariContentBlocker/RituoSafariContentBlocker.entitlements;
				CODE_SIGN_STYLE = Automatic;
				CURRENT_PROJECT_VERSION = 34;
				DEVELOPMENT_TEAM = LXWR3JHQ9L;
				GENERATE_INFOPLIST_FILE = NO;
				INFOPLIST_FILE = RituoSafariContentBlocker/Info.plist;
				IPHONEOS_DEPLOYMENT_TARGET = 17.0;
				LD_RUNPATH_SEARCH_PATHS = (
					"$(inherited)",
					"@executable_path/Frameworks",
					"@executable_path/../../Frameworks",
				);
				MARKETING_VERSION = 1.0;
				PRODUCT_BUNDLE_IDENTIFIER = io.rituo.app.SafariContentBlocker;
				PRODUCT_NAME = "$(TARGET_NAME)";
				SKIP_INSTALL = YES;
				STRING_CATALOG_GENERATE_SYMBOLS = YES;
				SWIFT_APPROACHABLE_CONCURRENCY = YES;
				SWIFT_EMIT_LOC_STRINGS = YES;
				SWIFT_UPCOMING_FEATURE_MEMBER_IMPORT_VISIBILITY = YES;
				SWIFT_VERSION = 5.0;
				TARGETED_DEVICE_FAMILY = "1,2";
			};
			name = Debug;
		};
		C0DEC0012FA2000000000007 /* Release */ = {
			isa = XCBuildConfiguration;
			buildSettings = {
				APPLICATION_EXTENSION_API_ONLY = YES;
				CODE_SIGN_ENTITLEMENTS = RituoSafariContentBlocker/RituoSafariContentBlocker.entitlements;
				CODE_SIGN_STYLE = Automatic;
				CURRENT_PROJECT_VERSION = 34;
				DEVELOPMENT_TEAM = LXWR3JHQ9L;
				GENERATE_INFOPLIST_FILE = NO;
				INFOPLIST_FILE = RituoSafariContentBlocker/Info.plist;
				IPHONEOS_DEPLOYMENT_TARGET = 17.0;
				LD_RUNPATH_SEARCH_PATHS = (
					"$(inherited)",
					"@executable_path/Frameworks",
					"@executable_path/../../Frameworks",
				);
				MARKETING_VERSION = 1.0;
				PRODUCT_BUNDLE_IDENTIFIER = io.rituo.app.SafariContentBlocker;
				PRODUCT_NAME = "$(TARGET_NAME)";
				SKIP_INSTALL = YES;
				STRING_CATALOG_GENERATE_SYMBOLS = YES;
				SWIFT_APPROACHABLE_CONCURRENCY = YES;
				SWIFT_EMIT_LOC_STRINGS = YES;
				SWIFT_UPCOMING_FEATURE_MEMBER_IMPORT_VISIBILITY = YES;
				SWIFT_VERSION = 5.0;
				TARGETED_DEVICE_FAMILY = "1,2";
			};
			name = Release;
		};
/* End XCBuildConfiguration section */

/* Begin XCConfigurationList section */
		9DC417DB2F9BE93400782FEC /* Build configuration list for PBXProject "HolaSwift" */ = {
			isa = XCConfigurationList;
			buildConfigurations = (
				9DC417E92F9BE93500782FEC /* Debug */,
				9DC417EA2F9BE93500782FEC /* Release */,
			);
			defaultConfigurationIsVisible = 0;
			defaultConfigurationName = Release;
		};
		9DC417EB2F9BE93500782FEC /* Build configuration list for PBXNativeTarget "HolaSwift" */ = {
			isa = XCConfigurationList;
			buildConfigurations = (
				9DC417EC2F9BE93500782FEC /* Debug */,
				9DC417ED2F9BE93500782FEC /* Release */,
			);
			defaultConfigurationIsVisible = 0;
			defaultConfigurationName = Release;
		};
		9DC4183B2F9C35F400782FEC /* Build configuration list for PBXNativeTarget "ShieldConfigurationExtension" */ = {
			isa = XCConfigurationList;
			buildConfigurations = (
				9DC4183C2F9C35F400782FEC /* Debug */,
				9DC4183D2F9C35F400782FEC /* Release */,
			);
			defaultConfigurationIsVisible = 0;
			defaultConfigurationName = Release;
		};
		9DC41A102F9E000000782FEC /* Build configuration list for PBXNativeTarget "RituoDeviceActivityMonitor" */ = {
			isa = XCConfigurationList;
			buildConfigurations = (
				9DC41A0E2F9E000000782FEC /* Debug */,
				9DC41A0F2F9E000000782FEC /* Release */,
			);
			defaultConfigurationIsVisible = 0;
			defaultConfigurationName = Release;
		};
		C0DEC0012FA2000000000005 /* Build configuration list for PBXNativeTarget "RituoSafariContentBlocker" */ = {
			isa = XCConfigurationList;
			buildConfigurations = (
				C0DEC0012FA2000000000006 /* Debug */,
				C0DEC0012FA2000000000007 /* Release */,
			);
			defaultConfigurationIsVisible = 0;
			defaultConfigurationName = Release;
		};
/* End XCConfigurationList section */

/* Begin XCRemoteSwiftPackageReference section */
		9DC418FF2F9D100000782FEC /* XCRemoteSwiftPackageReference "GoogleSignIn-iOS" */ = {
			isa = XCRemoteSwiftPackageReference;
			repositoryURL = "https://github.com/google/GoogleSignIn-iOS";
			requirement = {
				kind = upToNextMajorVersion;
				minimumVersion = 8.0.0;
			};
		};
/* End XCRemoteSwiftPackageReference section */

/* Begin XCSwiftPackageProductDependency section */
		9DC419002F9D100000782FEC /* GoogleSignIn */ = {
			isa = XCSwiftPackageProductDependency;
			package = 9DC418FF2F9D100000782FEC /* XCRemoteSwiftPackageReference "GoogleSignIn-iOS" */;
			productName = GoogleSignIn;
		};
/* End XCSwiftPackageProductDependency section */
	};
	rootObject = 9DC417D82F9BE93400782FEC /* Project object */;
}
